
Microsoft Visual Studio Solution File, Format Version 12.00
# Visual Studio Version 17
VisualStudioVersion = 17.13.35919.96 d17.13
MinimumVisualStudioVersion = 10.0.40219.1
Project("{FAE04EC0-301F-11D3-BF4B-00C04F79EFBC}") = "basicmassagerapp", "basicmassagerapp\basicmassagerapp.csproj", "{CA13658B-B50F-44E2-A0FB-50DA7BEC5E40}"
EndProject
Global
	GlobalSection(SolutionConfigurationPlatforms) = preSolution
		Debug|Any CPU = Debug|Any CPU
		Release|Any CPU = Release|Any CPU
	EndGlobalSection
	GlobalSection(ProjectConfigurationPlatforms) = postSolution
		{CA13658B-B50F-44E2-A0FB-50DA7BEC5E40}.Debug|Any CPU.ActiveCfg = Debug|Any CPU
		{CA13658B-B50F-44E2-A0FB-50DA7BEC5E40}.Debug|Any CPU.Build.0 = Debug|Any CPU
		{CA13658B-B50F-44E2-A0FB-50DA7BEC5E40}.Release|Any CPU.ActiveCfg = Release|Any CPU
		{CA13658B-B50F-44E2-A0FB-50DA7BEC5E40}.Release|Any CPU.Build.0 = Release|Any CPU
	EndGlobalSection
	GlobalSection(SolutionProperties) = preSolution
		HideSolutionNode = FALSE
	EndGlobalSection
	GlobalSection(ExtensibilityGlobals) = postSolution
		SolutionGuid = {CFCB081E-39F8-44BA-8721-F3960A1DB91C}
	EndGlobalSection
EndGlobal
